
Microsoft Visual Studio Solution File, Format Version 12.00
# Visual Studio Version 16
VisualStudioVersion = 16.0.32106.194
MinimumVisualStudioVersion = 10.0.40219.1
Project("{FAE04EC0-301F-11D3-BF4B-00C04F79EFBC}") = "BooksMVC", "BooksMVC\BooksMVC.csproj", "{F083FA40-FEBE-44F6-AEDD-417D8C2310B2}"
EndProject
Global
	GlobalSection(SolutionConfigurationPlatforms) = preSolution
		Debug|Any CPU = Debug|Any CPU
		Release|Any CPU = Release|Any CPU
	EndGlobalSection
	GlobalSection(ProjectConfigurationPlatforms) = postSolution
		{F083FA40-FEBE-44F6-AEDD-417D8C2310B2}.Debug|Any CPU.ActiveCfg = Debug|Any CPU
		{F083FA40-FEBE-44F6-AEDD-417D8C2310B2}.Debug|Any CPU.Build.0 = Debug|Any CPU
		{F083FA40-FEBE-44F6-AEDD-417D8C2310B2}.Release|Any CPU.ActiveCfg = Release|Any CPU
		{F083FA40-FEBE-44F6-AEDD-417D8C2310B2}.Release|Any CPU.Build.0 = Release|Any CPU
	EndGlobalSection
	GlobalSection(SolutionProperties) = preSolution
		HideSolutionNode = FALSE
	EndGlobalSection
	GlobalSection(ExtensibilityGlobals) = postSolution
		SolutionGuid = {1AB6BEE6-7969-49F0-8F61-DFD219B1FD72}
	EndGlobalSection
EndGlobal
