
Microsoft Visual Studio Solution File, Format Version 12.00
# Visual Studio Version 16
VisualStudioVersion = 16.0.32106.194
MinimumVisualStudioVersion = 10.0.40219.1
Project("{FAE04EC0-301F-11D3-BF4B-00C04F79EFBC}") = "WebApp", "WebApp\WebApp.csproj", "{227F7864-C11C-4D7C-A992-C435D515382B}"
EndProject
Global
	GlobalSection(SolutionConfigurationPlatforms) = preSolution
		Debug|Any CPU = Debug|Any CPU
		Release|Any CPU = Release|Any CPU
	EndGlobalSection
	GlobalSection(ProjectConfigurationPlatforms) = postSolution
		{227F7864-C11C-4D7C-A992-C435D515382B}.Debug|Any CPU.ActiveCfg = Debug|Any CPU
		{227F7864-C11C-4D7C-A992-C435D515382B}.Debug|Any CPU.Build.0 = Debug|Any CPU
		{227F7864-C11C-4D7C-A992-C435D515382B}.Release|Any CPU.ActiveCfg = Release|Any CPU
		{227F7864-C11C-4D7C-A992-C435D515382B}.Release|Any CPU.Build.0 = Release|Any CPU
	EndGlobalSection
	GlobalSection(SolutionProperties) = preSolution
		HideSolutionNode = FALSE
	EndGlobalSection
	GlobalSection(ExtensibilityGlobals) = postSolution
		SolutionGuid = {E9F2711A-E938-4EA6-B90B-F120050AA193}
	EndGlobalSection
EndGlobal
